
Microsoft Visual Studio Solution File, Format Version 12.00
# Visual Studio Version 17
VisualStudioVersion = 17.1.32328.378
MinimumVisualStudioVersion = 10.0.40219.1
Project("{FAE04EC0-301F-11D3-BF4B-00C04F79EFBC}") = "ContosoUniversity", "ContosoUniversity\ContosoUniversity.csproj", "{3997E5C7-4C52-49BE-9D1A-2197F925AC13}"
EndProject
Global
	GlobalSection(SolutionConfigurationPlatforms) = preSolution
		Debug|Any CPU = Debug|Any CPU
		Release|Any CPU = Release|Any CPU
	EndGlobalSection
	GlobalSection(ProjectConfigurationPlatforms) = postSolution
		{3997E5C7-4C52-49BE-9D1A-2197F925AC13}.Debug|Any CPU.ActiveCfg = Debug|Any CPU
		{3997E5C7-4C52-49BE-9D1A-2197F925AC13}.Debug|Any CPU.Build.0 = Debug|Any CPU
		{3997E5C7-4C52-49BE-9D1A-2197F925AC13}.Release|Any CPU.ActiveCfg = Release|Any CPU
		{3997E5C7-4C52-49BE-9D1A-2197F925AC13}.Release|Any CPU.Build.0 = Release|Any CPU
	EndGlobalSection
	GlobalSection(SolutionProperties) = preSolution
		HideSolutionNode = FALSE
	EndGlobalSection
	GlobalSection(ExtensibilityGlobals) = postSolution
		SolutionGuid = {49D3D1F9-F459-4059-B8AC-EED85B3FE11F}
	EndGlobalSection
EndGlobal
